
Microsoft Visual Studio Solution File, Format Version 12.00
# Visual Studio Version 17
VisualStudioVersion = 17.8.34525.116
MinimumVisualStudioVersion = 10.0.40219.1
Project("{FAE04EC0-301F-11D3-BF4B-00C04F79EFBC}") = "ITStepShop", "ITStepShop.csproj", "{A55B38FF-4889-44E2-80F8-34C8F250A5CD}"
EndProject
Global
	GlobalSection(SolutionConfigurationPlatforms) = preSolution
		Debug|Any CPU = Debug|Any CPU
		Release|Any CPU = Release|Any CPU
	EndGlobalSection
	GlobalSection(ProjectConfigurationPlatforms) = postSolution
		{A55B38FF-4889-44E2-80F8-34C8F250A5CD}.Debug|Any CPU.ActiveCfg = Debug|Any CPU
		{A55B38FF-4889-44E2-80F8-34C8F250A5CD}.Debug|Any CPU.Build.0 = Debug|Any CPU
		{A55B38FF-4889-44E2-80F8-34C8F250A5CD}.Release|Any CPU.ActiveCfg = Release|Any CPU
		{A55B38FF-4889-44E2-80F8-34C8F250A5CD}.Release|Any CPU.Build.0 = Release|Any CPU
	EndGlobalSection
	GlobalSection(SolutionProperties) = preSolution
		HideSolutionNode = FALSE
	EndGlobalSection
	GlobalSection(ExtensibilityGlobals) = postSolution
		SolutionGuid = {6D54E7F1-A84E-4276-BA23-A7F7B470DBB0}
	EndGlobalSection
EndGlobal
